
Microsoft Visual Studio Solution File, Format Version 12.00
# Visual Studio Version 16
VisualStudioVersion = 16.0.32630.194
MinimumVisualStudioVersion = 10.0.40219.1
Project("{FAE04EC0-301F-11D3-BF4B-00C04F79EFBC}") = "Crafting.Core", "Crafting.Core.csproj", "{7445801A-2613-45D0-8FB0-000FA5C818AC}"
EndProject
Project("{FAE04EC0-301F-11D3-BF4B-00C04F79EFBC}") = "Crafting.API", "..\Crafting.API\Crafting.API.csproj", "{7901C3A3-06E6-4346-A727-43C98BAED512}"
EndProject
Global
	GlobalSection(SolutionConfigurationPlatforms) = preSolution
		Debug|Any CPU = Debug|Any CPU
		Release|Any CPU = Release|Any CPU
	EndGlobalSection
	GlobalSection(ProjectConfigurationPlatforms) = postSolution
		{7445801A-2613-45D0-8FB0-000FA5C818AC}.Debug|Any CPU.ActiveCfg = Debug|Any CPU
		{7445801A-2613-45D0-8FB0-000FA5C818AC}.Debug|Any CPU.Build.0 = Debug|Any CPU
		{7445801A-2613-45D0-8FB0-000FA5C818AC}.Release|Any CPU.ActiveCfg = Release|Any CPU
		{7445801A-2613-45D0-8FB0-000FA5C818AC}.Release|Any CPU.Build.0 = Release|Any CPU
		{7901C3A3-06E6-4346-A727-43C98BAED512}.Debug|Any CPU.ActiveCfg = Debug|Any CPU
		{7901C3A3-06E6-4346-A727-43C98BAED512}.Debug|Any CPU.Build.0 = Debug|Any CPU
		{7901C3A3-06E6-4346-A727-43C98BAED512}.Release|Any CPU.ActiveCfg = Release|Any CPU
		{7901C3A3-06E6-4346-A727-43C98BAED512}.Release|Any CPU.Build.0 = Release|Any CPU
	EndGlobalSection
	GlobalSection(SolutionProperties) = preSolution
		HideSolutionNode = FALSE
	EndGlobalSection
	GlobalSection(ExtensibilityGlobals) = postSolution
		SolutionGuid = {3894767B-38C5-4769-B3B8-ACBFE26E4BB5}
	EndGlobalSection
EndGlobal
